// !$*UTF8*$!
{
	archiveVersion = 1;
	classes = {
	};
	objectVersion = 50;
	objects = {

/* Begin PBXBuildFile section */
		2B7A13612536F8C500A2ABD6 /* ConnectionViewController.swift in Sources */ = {isa = PBXBuildFile; fileRef = 2B7A13602536F8C500A2ABD6 /* ConnectionViewController.swift */; };
		2B7A13642536F8E300A2ABD6 /* FirstSignUpViewController.swift in Sources */ = {isa = PBXBuildFile; fileRef = 2B7A13632536F8E300A2ABD6 /* FirstSignUpViewController.swift */; };
		2B7A13672536F8F100A2ABD6 /* SecondSignUpViewController.swift in Sources */ = {isa = PBXBuildFile; fileRef = 2B7A13662536F8F100A2ABD6 /* SecondSignUpViewController.swift */; };
		2B7A136A2536F94900A2ABD6 /* ServicesViewController.swift in Sources */ = {isa = PBXBuildFile; fileRef = 2B7A13692536F94900A2ABD6 /* ServicesViewController.swift */; };
		2B8CADAC2536EF040023DAF1 /* MainButton.swift in Sources */ = {isa = PBXBuildFile; fileRef = 2B8CADAB2536EF040023DAF1 /* MainButton.swift */; };
		2B8CADB22536F16D0023DAF1 /* Poppins-Bold.ttf in Resources */ = {isa = PBXBuildFile; fileRef = 2B8CADAF2536F15D0023DAF1 /* Poppins-Bold.ttf */; };
		2B8CADB42536F1750023DAF1 /* Poppins-Regular.ttf in Resources */ = {isa = PBXBuildFile; fileRef = 2B8CADB02536F15D0023DAF1 /* Poppins-Regular.ttf */; };
		2B8CADB62536F1780023DAF1 /* Poppins-SemiBold.ttf in Resources */ = {isa = PBXBuildFile; fileRef = 2B8CADB12536F15E0023DAF1 /* Poppins-SemiBold.ttf */; };
		2B8CADB92536F3EA0023DAF1 /* TextLabel.swift in Sources */ = {isa = PBXBuildFile; fileRef = 2B8CADB82536F3EA0023DAF1 /* TextLabel.swift */; };
		2BFAFBD02535999300D9B6C0 /* AppDelegate.swift in Sources */ = {isa = PBXBuildFile; fileRef = 2BFAFBCF2535999300D9B6C0 /* AppDelegate.swift */; };
		2BFAFBD22535999300D9B6C0 /* SceneDelegate.swift in Sources */ = {isa = PBXBuildFile; fileRef = 2BFAFBD12535999300D9B6C0 /* SceneDelegate.swift */; };
		2BFAFBD42535999300D9B6C0 /* ViewController.swift in Sources */ = {isa = PBXBuildFile; fileRef = 2BFAFBD32535999300D9B6C0 /* ViewController.swift */; };
		2BFAFBD72535999300D9B6C0 /* Main.storyboard in Resources */ = {isa = PBXBuildFile; fileRef = 2BFAFBD52535999300D9B6C0 /* Main.storyboard */; };
		2BFAFBD92535999700D9B6C0 /* Assets.xcassets in Resources */ = {isa = PBXBuildFile; fileRef = 2BFAFBD82535999700D9B6C0 /* Assets.xcassets */; };
		2BFAFBDC2535999700D9B6C0 /* LaunchScreen.storyboard in Resources */ = {isa = PBXBuildFile; fileRef = 2BFAFBDA2535999700D9B6C0 /* LaunchScreen.storyboard */; };
		2BFAFBE92535A80800D9B6C0 /* LocationSearchController.swift in Sources */ = {isa = PBXBuildFile; fileRef = 2BFAFBE82535A80800D9B6C0 /* LocationSearchController.swift */; };
/* End PBXBuildFile section */

/* Begin PBXFileReference section */
		2B7A13602536F8C500A2ABD6 /* ConnectionViewController.swift */ = {isa = PBXFileReference; lastKnownFileType = sourcecode.swift; path = ConnectionViewController.swift; sourceTree = "<group>"; };
		2B7A13632536F8E300A2ABD6 /* FirstSignUpViewController.swift */ = {isa = PBXFileReference; lastKnownFileType = sourcecode.swift; path = FirstSignUpViewController.swift; sourceTree = "<group>"; };
		2B7A13662536F8F100A2ABD6 /* SecondSignUpViewController.swift */ = {isa = PBXFileReference; lastKnownFileType = sourcecode.swift; path = SecondSignUpViewController.swift; sourceTree = "<group>"; };
		2B7A13692536F94900A2ABD6 /* ServicesViewController.swift */ = {isa = PBXFileReference; lastKnownFileType = sourcecode.swift; path = ServicesViewController.swift; sourceTree = "<group>"; };
		2B8CADAB2536EF040023DAF1 /* MainButton.swift */ = {isa = PBXFileReference; lastKnownFileType = sourcecode.swift; path = MainButton.swift; sourceTree = "<group>"; };
		2B8CADAF2536F15D0023DAF1 /* Poppins-Bold.ttf */ = {isa = PBXFileReference; lastKnownFileType = file; path = "Poppins-Bold.ttf"; sourceTree = "<group>"; };
		2B8CADB02536F15D0023DAF1 /* Poppins-Regular.ttf */ = {isa = PBXFileReference; lastKnownFileType = file; path = "Poppins-Regular.ttf"; sourceTree = "<group>"; };
		2B8CADB12536F15E0023DAF1 /* Poppins-SemiBold.ttf */ = {isa = PBXFileReference; lastKnownFileType = file; path = "Poppins-SemiBold.ttf"; sourceTree = "<group>"; };
		2B8CADB82536F3EA0023DAF1 /* TextLabel.swift */ = {isa = PBXFileReference; lastKnownFileType = sourcecode.swift; path = TextLabel.swift; sourceTree = "<group>"; };
		2BFAFBCC2535999300D9B6C0 /* AlertCovid.app */ = {isa = PBXFileReference; explicitFileType = wrapper.application; includeInIndex = 0; path = AlertCovid.app; sourceTree = BUILT_PRODUCTS_DIR; };
		2BFAFBCF2535999300D9B6C0 /* AppDelegate.swift */ = {isa = PBXFileReference; lastKnownFileType = sourcecode.swift; path = AppDelegate.swift; sourceTree = "<group>"; };
		2BFAFBD12535999300D9B6C0 /* SceneDelegate.swift */ = {isa = PBXFileReference; lastKnownFileType = sourcecode.swift; path = SceneDelegate.swift; sourceTree = "<group>"; };
		2BFAFBD32535999300D9B6C0 /* ViewController.swift */ = {isa = PBXFileReference; lastKnownFileType = sourcecode.swift; path = ViewController.swift; sourceTree = "<group>"; };
		2BFAFBD62535999300D9B6C0 /* Base */ = {isa = PBXFileReference; lastKnownFileType = file.storyboard; name = Base; path = Base.lproj/Main.storyboard; sourceTree = "<group>"; };
		2BFAFBD82535999700D9B6C0 /* Assets.xcassets */ = {isa = PBXFileReference; lastKnownFileType = folder.assetcatalog; path = Assets.xcassets; sourceTree = "<group>"; };
		2BFAFBDB2535999700D9B6C0 /* Base */ = {isa = PBXFileReference; lastKnownFileType = file.storyboard; name = Base; path = Base.lproj/LaunchScreen.storyboard; sourceTree = "<group>"; };
		2BFAFBDD2535999700D9B6C0 /* Info.plist */ = {isa = PBXFileReference; lastKnownFileType = text.plist.xml; path = Info.plist; sourceTree = "<group>"; };
		2BFAFBE82535A80800D9B6C0 /* LocationSearchController.swift */ = {isa = PBXFileReference; lastKnownFileType = sourcecode.swift; path = LocationSearchController.swift; sourceTree = "<group>"; };
/* End PBXFileReference section */

/* Begin PBXFrameworksBuildPhase section */
		2BFAFBC92535999300D9B6C0 /* Frameworks */ = {
			isa = PBXFrameworksBuildPhase;
			buildActionMask = 2147483647;
			files = (
			);
			runOnlyForDeploymentPostprocessing = 0;
		};
/* End PBXFrameworksBuildPhase section */

/* Begin PBXGroup section */
		2B8CADAA2536EEDB0023DAF1 /* Components */ = {
			isa = PBXGroup;
			children = (
				2B8CADAB2536EF040023DAF1 /* MainButton.swift */,
				2B8CADB82536F3EA0023DAF1 /* TextLabel.swift */,
			);
			path = Components;
			sourceTree = "<group>";
		};
		2B8CADAE2536F14D0023DAF1 /* fonts */ = {
			isa = PBXGroup;
			children = (
				2B8CADAF2536F15D0023DAF1 /* Poppins-Bold.ttf */,
				2B8CADB02536F15D0023DAF1 /* Poppins-Regular.ttf */,
				2B8CADB12536F15E0023DAF1 /* Poppins-SemiBold.ttf */,
			);
			path = fonts;
			sourceTree = "<group>";
		};
		2BFAFBC32535999300D9B6C0 = {
			isa = PBXGroup;
			children = (
				2BFAFBCE2535999300D9B6C0 /* AlertCovid */,
				2BFAFBCD2535999300D9B6C0 /* Products */,
			);
			sourceTree = "<group>";
		};
		2BFAFBCD2535999300D9B6C0 /* Products */ = {
			isa = PBXGroup;
			children = (
				2BFAFBCC2535999300D9B6C0 /* AlertCovid.app */,
			);
			name = Products;
			sourceTree = "<group>";
		};
		2BFAFBCE2535999300D9B6C0 /* AlertCovid */ = {
			isa = PBXGroup;
			children = (
				2B8CADAE2536F14D0023DAF1 /* fonts */,
				2B8CADAA2536EEDB0023DAF1 /* Components */,
				2BFAFBCF2535999300D9B6C0 /* AppDelegate.swift */,
				2BFAFBD12535999300D9B6C0 /* SceneDelegate.swift */,
				2BFAFBD32535999300D9B6C0 /* ViewController.swift */,
				2BFAFBE82535A80800D9B6C0 /* LocationSearchController.swift */,
				2BFAFBD52535999300D9B6C0 /* Main.storyboard */,
				2BFAFBD82535999700D9B6C0 /* Assets.xcassets */,
				2BFAFBDA2535999700D9B6C0 /* LaunchScreen.storyboard */,
				2BFAFBDD2535999700D9B6C0 /* Info.plist */,
				2B7A13602536F8C500A2ABD6 /* ConnectionViewController.swift */,
				2B7A13632536F8E300A2ABD6 /* FirstSignUpViewController.swift */,
				2B7A13662536F8F100A2ABD6 /* SecondSignUpViewController.swift */,
				2B7A13692536F94900A2ABD6 /* ServicesViewController.swift */,
			);
			path = AlertCovid;
			sourceTree = "<group>";
		};
/* End PBXGroup section */

/* Begin PBXNativeTarget section */
		2BFAFBCB2535999300D9B6C0 /* AlertCovid */ = {
			isa = PBXNativeTarget;
			buildConfigurationList = 2BFAFBE02535999700D9B6C0 /* Build configuration list for PBXNativeTarget "AlertCovid" */;
			buildPhases = (
				2BFAFBC82535999300D9B6C0 /* Sources */,
				2BFAFBC92535999300D9B6C0 /* Frameworks */,
				2BFAFBCA2535999300D9B6C0 /* Resources */,
			);
			buildRules = (
			);
			dependencies = (
			);
			name = AlertCovid;
			productName = AlertCovid;
			productReference = 2BFAFBCC2535999300D9B6C0 /* AlertCovid.app */;
			productType = "com.apple.product-type.application";
		};
/* End PBXNativeTarget section */

/* Begin PBXProject section */
		2BFAFBC42535999300D9B6C0 /* Project object */ = {
			isa = PBXProject;
			attributes = {
				LastSwiftUpdateCheck = 1200;
				LastUpgradeCheck = 1200;
				TargetAttributes = {
					2BFAFBCB2535999300D9B6C0 = {
						CreatedOnToolsVersion = 12.0.1;
					};
				};
			};
			buildConfigurationList = 2BFAFBC72535999300D9B6C0 /* Build configuration list for PBXProject "AlertCovid" */;
			compatibilityVersion = "Xcode 9.3";
			developmentRegion = en;
			hasScannedForEncodings = 0;
			knownRegions = (
				en,
				Base,
			);
			mainGroup = 2BFAFBC32535999300D9B6C0;
			productRefGroup = 2BFAFBCD2535999300D9B6C0 /* Products */;
			projectDirPath = "";
			projectRoot = "";
			targets = (
				2BFAFBCB2535999300D9B6C0 /* AlertCovid */,
			);
		};
/* End PBXProject section */

/* Begin PBXResourcesBuildPhase section */
		2BFAFBCA2535999300D9B6C0 /* Resources */ = {
			isa = PBXResourcesBuildPhase;
			buildActionMask = 2147483647;
			files = (
				2BFAFBDC2535999700D9B6C0 /* LaunchScreen.storyboard in Resources */,
				2BFAFBD92535999700D9B6C0 /* Assets.xcassets in Resources */,
				2BFAFBD72535999300D9B6C0 /* Main.storyboard in Resources */,
				2B8CADB62536F1780023DAF1 /* Poppins-SemiBold.ttf in Resources */,
				2B8CADB22536F16D0023DAF1 /* Poppins-Bold.ttf in Resources */,
				2B8CADB42536F1750023DAF1 /* Poppins-Regular.ttf in Resources */,
			);
			runOnlyForDeploymentPostprocessing = 0;
		};
/* End PBXResourcesBuildPhase section */

/* Begin PBXSourcesBuildPhase section */
		2BFAFBC82535999300D9B6C0 /* Sources */ = {
			isa = PBXSourcesBuildPhase;
			buildActionMask = 2147483647;
			files = (
				2BFAFBE92535A80800D9B6C0 /* LocationSearchController.swift in Sources */,
				2B7A13612536F8C500A2ABD6 /* ConnectionViewController.swift in Sources */,
				2BFAFBD42535999300D9B6C0 /* ViewController.swift in Sources */,
				2BFAFBD02535999300D9B6C0 /* AppDelegate.swift in Sources */,
				2B8CADB92536F3EA0023DAF1 /* TextLabel.swift in Sources */,
				2BFAFBD22535999300D9B6C0 /* SceneDelegate.swift in Sources */,
				2B7A13672536F8F100A2ABD6 /* SecondSignUpViewController.swift in Sources */,
				2B8CADAC2536EF040023DAF1 /* MainButton.swift in Sources */,
				2B7A136A2536F94900A2ABD6 /* ServicesViewController.swift in Sources */,
				2B7A13642536F8E300A2ABD6 /* FirstSignUpViewController.swift in Sources */,
			);
			runOnlyForDeploymentPostprocessing = 0;
		};
/* End PBXSourcesBuildPhase section */

/* Begin PBXVariantGroup section */
		2BFAFBD52535999300D9B6C0 /* Main.storyboard */ = {
			isa = PBXVariantGroup;
			children = (
				2BFAFBD62535999300D9B6C0 /* Base */,
			);
			name = Main.storyboard;
			sourceTree = "<group>";
		};
		2BFAFBDA2535999700D9B6C0 /* LaunchScreen.storyboard */ = {
			isa = PBXVariantGroup;
			children = (
				2BFAFBDB2535999700D9B6C0 /* Base */,
			);
			name = LaunchScreen.storyboard;
			sourceTree = "<group>";
		};
/* End PBXVariantGroup section */

/* Begin XCBuildConfiguration section */
		2BFAFBDE2535999700D9B6C0 /* Debug */ = {
			isa = XCBuildConfiguration;
			buildSettings = {
				ALWAYS_SEARCH_USER_PATHS = NO;
				CLANG_ANALYZER_NONNULL = YES;
				CLANG_ANALYZER_NUMBER_OBJECT_CONVERSION = YES_AGGRESSIVE;
				CLANG_CXX_LANGUAGE_STANDARD = "gnu++14";
				CLANG_CXX_LIBRARY = "libc++";
				CLANG_ENABLE_MODULES = YES;
				CLANG_ENABLE_OBJC_ARC = YES;
				CLANG_ENABLE_OBJC_WEAK = YES;
				CLANG_WARN_BLOCK_CAPTURE_AUTORELEASING = YES;
				CLANG_WARN_BOOL_CONVERSION = YES;
				CLANG_WARN_COMMA = YES;
				CLANG_WARN_CONSTANT_CONVERSION = YES;
				CLANG_WARN_DEPRECATED_OBJC_IMPLEMENTATIONS = YES;
				CLANG_WARN_DIRECT_OBJC_ISA_USAGE = YES_ERROR;
				CLANG_WARN_DOCUMENTATION_COMMENTS = YES;
				CLANG_WARN_EMPTY_BODY = YES;
				CLANG_WARN_ENUM_CONVERSION = YES;
				CLANG_WARN_INFINITE_RECURSION = YES;
				CLANG_WARN_INT_CONVERSION = YES;
				CLANG_WARN_NON_LITERAL_NULL_CONVERSION = YES;
				CLANG_WARN_OBJC_IMPLICIT_RETAIN_SELF = YES;
				CLANG_WARN_OBJC_LITERAL_CONVERSION = YES;
				CLANG_WARN_OBJC_ROOT_CLASS = YES_ERROR;
				CLANG_WARN_QUOTED_INCLUDE_IN_FRAMEWORK_HEADER = YES;
				CLANG_WARN_RANGE_LOOP_ANALYSIS = YES;
				CLANG_WARN_STRICT_PROTOTYPES = YES;
				CLANG_WARN_SUSPICIOUS_MOVE = YES;
				CLANG_WARN_UNGUARDED_AVAILABILITY = YES_AGGRESSIVE;
				CLANG_WARN_UNREACHABLE_CODE = YES;
				CLANG_WARN__DUPLICATE_METHOD_MATCH = YES;
				COPY_PHASE_STRIP = NO;
				DEBUG_INFORMATION_FORMAT = dwarf;
				ENABLE_STRICT_OBJC_MSGSEND = YES;
				ENABLE_TESTABILITY = YES;
				GCC_C_LANGUAGE_STANDARD = gnu11;
				GCC_DYNAMIC_NO_PIC = NO;
				GCC_NO_COMMON_BLOCKS = YES;
				GCC_OPTIMIZATION_LEVEL = 0;
				GCC_PREPROCESSOR_DEFINITIONS = (
					"DEBUG=1",
					"$(inherited)",
				);
				GCC_WARN_64_TO_32_BIT_CONVERSION = YES;
				GCC_WARN_ABOUT_RETURN_TYPE = YES_ERROR;
				GCC_WARN_UNDECLARED_SELECTOR = YES;
				GCC_WARN_UNINITIALIZED_AUTOS = YES_AGGRESSIVE;
				GCC_WARN_UNUSED_FUNCTION = YES;
				GCC_WARN_UNUSED_VARIABLE = YES;
				IPHONEOS_DEPLOYMENT_TARGET = 14.0;
				MTL_ENABLE_DEBUG_INFO = INCLUDE_SOURCE;
				MTL_FAST_MATH = YES;
				ONLY_ACTIVE_ARCH = YES;
				SDKROOT = iphoneos;
				SWIFT_ACTIVE_COMPILATION_CONDITIONS = DEBUG;
				SWIFT_OPTIMIZATION_LEVEL = "-Onone";
			};
			name = Debug;
		};
		2BFAFBDF2535999700D9B6C0 /* Release */ = {
			isa = XCBuildConfiguration;
			buildSettings = {
				ALWAYS_SEARCH_USER_PATHS = NO;
				CLANG_ANALYZER_NONNULL = YES;
				CLANG_ANALYZER_NUMBER_OBJECT_CONVERSION = YES_AGGRESSIVE;
				CLANG_CXX_LANGUAGE_STANDARD = "gnu++14";
				CLANG_CXX_LIBRARY = "libc++";
				CLANG_ENABLE_MODULES = YES;
				CLANG_ENABLE_OBJC_ARC = YES;
				CLANG_ENABLE_OBJC_WEAK = YES;
				CLANG_WARN_BLOCK_CAPTURE_AUTORELEASING = YES;
				CLANG_WARN_BOOL_CONVERSION = YES;
				CLANG_WARN_COMMA = YES;
				CLANG_WARN_CONSTANT_CONVERSION = YES;
				CLANG_WARN_DEPRECATED_OBJC_IMPLEMENTATIONS = YES;
				CLANG_WARN_DIRECT_OBJC_ISA_USAGE = YES_ERROR;
				CLANG_WARN_DOCUMENTATION_COMMENTS = YES;
				CLANG_WARN_EMPTY_BODY = YES;
				CLANG_WARN_ENUM_CONVERSION = YES;
				CLANG_WARN_INFINITE_RECURSION = YES;
				CLANG_WARN_INT_CONVERSION = YES;
				CLANG_WARN_NON_LITERAL_NULL_CONVERSION = YES;
				CLANG_WARN_OBJC_IMPLICIT_RETAIN_SELF = YES;
				CLANG_WARN_OBJC_LITERAL_CONVERSION = YES;
				CLANG_WARN_OBJC_ROOT_CLASS = YES_ERROR;
				CLANG_WARN_QUOTED_INCLUDE_IN_FRAMEWORK_HEADER = YES;
				CLANG_WARN_RANGE_LOOP_ANALYSIS = YES;
				CLANG_WARN_STRICT_PROTOTYPES = YES;
				CLANG_WARN_SUSPICIOUS_MOVE = YES;
				CLANG_WARN_UNGUARDED_AVAILABILITY = YES_AGGRESSIVE;
				CLANG_WARN_UNREACHABLE_CODE = YES;
				CLANG_WARN__DUPLICATE_METHOD_MATCH = YES;
				COPY_PHASE_STRIP = NO;
				DEBUG_INFORMATION_FORMAT = "dwarf-with-dsym";
				ENABLE_NS_ASSERTIONS = NO;
				ENABLE_STRICT_OBJC_MSGSEND = YES;
				GCC_C_LANGUAGE_STANDARD = gnu11;
				GCC_NO_COMMON_BLOCKS = YES;
				GCC_WARN_64_TO_32_BIT_CONVERSION = YES;
				GCC_WARN_ABOUT_RETURN_TYPE = YES_ERROR;
				GCC_WARN_UNDECLARED_SELECTOR = YES;
				GCC_WARN_UNINITIALIZED_AUTOS = YES_AGGRESSIVE;
				GCC_WARN_UNUSED_FUNCTION = YES;
				GCC_WARN_UNUSED_VARIABLE = YES;
				IPHONEOS_DEPLOYMENT_TARGET = 14.0;
				MTL_ENABLE_DEBUG_INFO = NO;
				MTL_FAST_MATH = YES;
				SDKROOT = iphoneos;
				SWIFT_COMPILATION_MODE = wholemodule;
				SWIFT_OPTIMIZATION_LEVEL = "-O";
				VALIDATE_PRODUCT = YES;
			};
			name = Release;
		};
		2BFAFBE12535999700D9B6C0 /* Debug */ = {
			isa = XCBuildConfiguration;
			buildSettings = {
				ASSETCATALOG_COMPILER_APPICON_NAME = AppIcon;
				ASSETCATALOG_COMPILER_GLOBAL_ACCENT_COLOR_NAME = AccentColor;
				CODE_SIGN_STYLE = Automatic;
				INFOPLIST_FILE = AlertCovid/Info.plist;
				LD_RUNPATH_SEARCH_PATHS = (
					"$(inherited)",
					"@executable_path/Frameworks",
				);
				PRODUCT_BUNDLE_IDENTIFIER = anthonydemorais.AlertCovid;
				PRODUCT_NAME = "$(TARGET_NAME)";
				SWIFT_VERSION = 5.0;
				TARGETED_DEVICE_FAMILY = "1,2";
			};
			name = Debug;
		};
		2BFAFBE22535999700D9B6C0 /* Release */ = {
			isa = XCBuildConfiguration;
			buildSettings = {
				ASSETCATALOG_COMPILER_APPICON_NAME = AppIcon;
				ASSETCATALOG_COMPILER_GLOBAL_ACCENT_COLOR_NAME = AccentColor;
				CODE_SIGN_STYLE = Automatic;
				INFOPLIST_FILE = AlertCovid/Info.plist;
				LD_RUNPATH_SEARCH_PATHS = (
					"$(inherited)",
					"@executable_path/Frameworks",
				);
				PRODUCT_BUNDLE_IDENTIFIER = anthonydemorais.AlertCovid;
				PRODUCT_NAME = "$(TARGET_NAME)";
				SWIFT_VERSION = 5.0;
				TARGETED_DEVICE_FAMILY = "1,2";
			};
			name = Release;
		};
/* End XCBuildConfiguration section */

/* Begin XCConfigurationList section */
		2BFAFBC72535999300D9B6C0 /* Build configuration list for PBXProject "AlertCovid" */ = {
			isa = XCConfigurationList;
			buildConfigurations = (
				2BFAFBDE2535999700D9B6C0 /* Debug */,
				2BFAFBDF2535999700D9B6C0 /* Release */,
			);
			defaultConfigurationIsVisible = 0;
			defaultConfigurationName = Release;
		};
		2BFAFBE02535999700D9B6C0 /* Build configuration list for PBXNativeTarget "AlertCovid" */ = {
			isa = XCConfigurationList;
			buildConfigurations = (
				2BFAFBE12535999700D9B6C0 /* Debug */,
				2BFAFBE22535999700D9B6C0 /* Release */,
			);
			defaultConfigurationIsVisible = 0;
			defaultConfigurationName = Release;
		};
/* End XCConfigurationList section */
	};
	rootObject = 2BFAFBC42535999300D9B6C0 /* Project object */;
}
